
Microsoft Visual Studio Solution File, Format Version 11.00
# Visual Studio 2010
Project("{FAE04EC0-301F-11D3-BF4B-00C04F79EFBC}") = "PNRSCtrl", "PNRSCtrl\PNRSCtrl.csproj", "{451787ED-3ECD-439D-8CAF-DE73139E833F}"
EndProject
Project("{FAE04EC0-301F-11D3-BF4B-00C04F79EFBC}") = "PNRSUtilities", "PNRSUtilities\PNRSUtilities.csproj", "{067A4C60-296A-4204-A610-EE137272BB1A}"
EndProject
Project("{FAE04EC0-301F-11D3-BF4B-00C04F79EFBC}") = "PNRSDisplayCtrl", "DisplayCtrl\PNRSDisplayCtrl.csproj", "{588F846B-E3B8-4497-8CA8-7EE5362B53E0}"
EndProject
Project("{FAE04EC0-301F-11D3-BF4B-00C04F79EFBC}") = "PNRSOperationCtrl", "OperationCtrl\PNRSOperationCtrl.csproj", "{E280F875-20BC-456C-8225-AF5B1824B65D}"
EndProject
Project("{FAE04EC0-301F-11D3-BF4B-00C04F79EFBC}") = "BIZ", "TFM\BIZ\BIZ.csproj", "{03A3A7D4-5DEE-416B-B141-7F744C9C39FA}"
EndProject
Project("{FAE04EC0-301F-11D3-BF4B-00C04F79EFBC}") = "Common", "TFM\Common\Common.csproj", "{479D123C-604C-4584-A643-307A0F930303}"
EndProject
Project("{FAE04EC0-301F-11D3-BF4B-00C04F79EFBC}") = "DAL", "TFM\DAL\DAL.csproj", "{1D1CDFD6-954E-4D8A-8ABD-5E67A49D34EB}"
EndProject
Project("{2150E333-8FDC-42A3-9474-1A3956D46DE8}") = "TFM", "TFM", "{74153D3A-54C4-412E-860F-A70DC141C043}"
EndProject
Global
	GlobalSection(SolutionConfigurationPlatforms) = preSolution
		Debug|Any CPU = Debug|Any CPU
		Release|Any CPU = Release|Any CPU
	EndGlobalSection
	GlobalSection(ProjectConfigurationPlatforms) = postSolution
		{451787ED-3ECD-439D-8CAF-DE73139E833F}.Debug|Any CPU.ActiveCfg = Debug|Any CPU
		{451787ED-3ECD-439D-8CAF-DE73139E833F}.Debug|Any CPU.Build.0 = Debug|Any CPU
		{451787ED-3ECD-439D-8CAF-DE73139E833F}.Release|Any CPU.ActiveCfg = Release|Any CPU
		{451787ED-3ECD-439D-8CAF-DE73139E833F}.Release|Any CPU.Build.0 = Release|Any CPU
		{067A4C60-296A-4204-A610-EE137272BB1A}.Debug|Any CPU.ActiveCfg = Debug|Any CPU
		{067A4C60-296A-4204-A610-EE137272BB1A}.Debug|Any CPU.Build.0 = Debug|Any CPU
		{067A4C60-296A-4204-A610-EE137272BB1A}.Release|Any CPU.ActiveCfg = Release|Any CPU
		{067A4C60-296A-4204-A610-EE137272BB1A}.Release|Any CPU.Build.0 = Release|Any CPU
		{588F846B-E3B8-4497-8CA8-7EE5362B53E0}.Debug|Any CPU.ActiveCfg = Debug|Any CPU
		{588F846B-E3B8-4497-8CA8-7EE5362B53E0}.Debug|Any CPU.Build.0 = Debug|Any CPU
		{588F846B-E3B8-4497-8CA8-7EE5362B53E0}.Release|Any CPU.ActiveCfg = Release|Any CPU
		{588F846B-E3B8-4497-8CA8-7EE5362B53E0}.Release|Any CPU.Build.0 = Release|Any CPU
		{E280F875-20BC-456C-8225-AF5B1824B65D}.Debug|Any CPU.ActiveCfg = Debug|Any CPU
		{E280F875-20BC-456C-8225-AF5B1824B65D}.Debug|Any CPU.Build.0 = Debug|Any CPU
		{E280F875-20BC-456C-8225-AF5B1824B65D}.Release|Any CPU.ActiveCfg = Release|Any CPU
		{E280F875-20BC-456C-8225-AF5B1824B65D}.Release|Any CPU.Build.0 = Release|Any CPU
		{03A3A7D4-5DEE-416B-B141-7F744C9C39FA}.Debug|Any CPU.ActiveCfg = Debug|Any CPU
		{03A3A7D4-5DEE-416B-B141-7F744C9C39FA}.Debug|Any CPU.Build.0 = Debug|Any CPU
		{03A3A7D4-5DEE-416B-B141-7F744C9C39FA}.Release|Any CPU.ActiveCfg = Release|Any CPU
		{03A3A7D4-5DEE-416B-B141-7F744C9C39FA}.Release|Any CPU.Build.0 = Release|Any CPU
		{479D123C-604C-4584-A643-307A0F930303}.Debug|Any CPU.ActiveCfg = Debug|Any CPU
		{479D123C-604C-4584-A643-307A0F930303}.Debug|Any CPU.Build.0 = Debug|Any CPU
		{479D123C-604C-4584-A643-307A0F930303}.Release|Any CPU.ActiveCfg = Release|Any CPU
		{479D123C-604C-4584-A643-307A0F930303}.Release|Any CPU.Build.0 = Release|Any CPU
		{1D1CDFD6-954E-4D8A-8ABD-5E67A49D34EB}.Debug|Any CPU.ActiveCfg = Debug|Any CPU
		{1D1CDFD6-954E-4D8A-8ABD-5E67A49D34EB}.Debug|Any CPU.Build.0 = Debug|Any CPU
		{1D1CDFD6-954E-4D8A-8ABD-5E67A49D34EB}.Release|Any CPU.ActiveCfg = Release|Any CPU
		{1D1CDFD6-954E-4D8A-8ABD-5E67A49D34EB}.Release|Any CPU.Build.0 = Release|Any CPU
	EndGlobalSection
	GlobalSection(SolutionProperties) = preSolution
		HideSolutionNode = FALSE
	EndGlobalSection
	GlobalSection(NestedProjects) = preSolution
		{479D123C-604C-4584-A643-307A0F930303} = {74153D3A-54C4-412E-860F-A70DC141C043}
		{1D1CDFD6-954E-4D8A-8ABD-5E67A49D34EB} = {74153D3A-54C4-412E-860F-A70DC141C043}
		{03A3A7D4-5DEE-416B-B141-7F744C9C39FA} = {74153D3A-54C4-412E-860F-A70DC141C043}
	EndGlobalSection
EndGlobal
