
Microsoft Visual Studio Solution File, Format Version 11.00
# Visual Studio 2010
Project("{2150E333-8FDC-42A3-9474-1A3956D46DE8}") = "OpearationControl", "OpearationControl", "{26C1C8D2-7188-443C-8546-217AF6292EB3}"
EndProject
Project("{2150E333-8FDC-42A3-9474-1A3956D46DE8}") = "DisplayControl", "DisplayControl", "{2A3478CD-C717-4972-92CE-693A952B8F74}"
EndProject
Project("{2150E333-8FDC-42A3-9474-1A3956D46DE8}") = "DataAccessor", "DataAccessor", "{1812B275-59CF-4E71-AAD1-ED111DEA9BB2}"
EndProject
Project("{2150E333-8FDC-42A3-9474-1A3956D46DE8}") = "PNRSUtilities", "PNRSUtilities", "{5FE19699-94BD-463D-95AE-783762243653}"
EndProject
Project("{2150E333-8FDC-42A3-9474-1A3956D46DE8}") = "PNRS", "PNRS", "{FA936133-797C-46B1-A073-E59317EBE96B}"
EndProject
Project("{FAE04EC0-301F-11D3-BF4B-00C04F79EFBC}") = "GetUpdatePriceListCtrl", "GetUpdatePriceListCtrl\GetUpdatePriceListCtrl.csproj", "{A6B3FB15-3E17-4237-B2DE-8195D4006106}"
EndProject
Project("{FAE04EC0-301F-11D3-BF4B-00C04F79EFBC}") = "ImageProcessCtrl", "ImageProcessCtrl\ImageProcessCtrl.csproj", "{FC5B8256-D8C1-4299-96B2-E5CE13362609}"
EndProject
Project("{FAE04EC0-301F-11D3-BF4B-00C04F79EFBC}") = "LoginCtrl", "LoginCtrl\LoginCtrl.csproj", "{EC359497-BD3D-489F-95B1-53805476994A}"
EndProject
Project("{FAE04EC0-301F-11D3-BF4B-00C04F79EFBC}") = "HelpDisplayCtrl", "HelpDisplayCtrl\HelpDisplayCtrl.csproj", "{375383F8-A999-4D21-AFF5-E627B71D2A14}"
EndProject
Project("{FAE04EC0-301F-11D3-BF4B-00C04F79EFBC}") = "VideoDisplayCtrl", "VideoDisplayCtrl\VideoDisplayCtrl.csproj", "{7B90340E-26EF-4563-9422-3E9A0796F3D5}"
EndProject
Project("{FAE04EC0-301F-11D3-BF4B-00C04F79EFBC}") = "SearchCtrl", "SearchCtrl\SearchCtrl.csproj", "{097040D5-5AE1-4520-88A2-24AA319A767D}"
EndProject
Project("{FAE04EC0-301F-11D3-BF4B-00C04F79EFBC}") = "LogCtrl", "LogCtrl\LogCtrl.csproj", "{AC5A21A2-A12D-4D8F-B6B6-412ADE5A48D3}"
EndProject
Project("{FAE04EC0-301F-11D3-BF4B-00C04F79EFBC}") = "Utilities", "Common\Utilities.csproj", "{14D3F723-8204-4F5E-88F6-9746BC5C02C0}"
EndProject
Project("{FAE04EC0-301F-11D3-BF4B-00C04F79EFBC}") = "PlateNumberInfoDispCtrl", "PlateNumberInfoDispCtrl\PlateNumberInfoDispCtrl.csproj", "{87E7BBB4-9337-4499-8E66-43AD470DFF5F}"
EndProject
Project("{FAE04EC0-301F-11D3-BF4B-00C04F79EFBC}") = "PNRSCtrl", "PNRSCtrl\PNRSCtrl.csproj", "{038C4F2A-88E5-48C0-B415-9C7F219D7357}"
EndProject
Project("{FAE04EC0-301F-11D3-BF4B-00C04F79EFBC}") = "BIZ", "DataAccessor\BIZ\BIZ.csproj", "{928E99F1-4126-41A2-8DB5-F4349C4994CB}"
EndProject
Project("{FAE04EC0-301F-11D3-BF4B-00C04F79EFBC}") = "Common", "DataAccessor\Common\Common.csproj", "{03EDAB82-4E27-4522-9DC0-0010B7087A3C}"
EndProject
Project("{FAE04EC0-301F-11D3-BF4B-00C04F79EFBC}") = "DAL", "DataAccessor\DAL\DAL.csproj", "{5FBC63E4-B680-4BF9-AFCD-56D84CA1AF15}"
EndProject
Global
	GlobalSection(SolutionConfigurationPlatforms) = preSolution
		Debug|Any CPU = Debug|Any CPU
		Debug|Mixed Platforms = Debug|Mixed Platforms
		Debug|x86 = Debug|x86
		Release|Any CPU = Release|Any CPU
		Release|Mixed Platforms = Release|Mixed Platforms
		Release|x86 = Release|x86
	EndGlobalSection
	GlobalSection(ProjectConfigurationPlatforms) = postSolution
		{A6B3FB15-3E17-4237-B2DE-8195D4006106}.Debug|Any CPU.ActiveCfg = Debug|Any CPU
		{A6B3FB15-3E17-4237-B2DE-8195D4006106}.Debug|Any CPU.Build.0 = Debug|Any CPU
		{A6B3FB15-3E17-4237-B2DE-8195D4006106}.Debug|Mixed Platforms.ActiveCfg = Debug|Any CPU
		{A6B3FB15-3E17-4237-B2DE-8195D4006106}.Debug|Mixed Platforms.Build.0 = Debug|Any CPU
		{A6B3FB15-3E17-4237-B2DE-8195D4006106}.Debug|x86.ActiveCfg = Debug|Any CPU
		{A6B3FB15-3E17-4237-B2DE-8195D4006106}.Release|Any CPU.ActiveCfg = Release|Any CPU
		{A6B3FB15-3E17-4237-B2DE-8195D4006106}.Release|Any CPU.Build.0 = Release|Any CPU
		{A6B3FB15-3E17-4237-B2DE-8195D4006106}.Release|Mixed Platforms.ActiveCfg = Release|Any CPU
		{A6B3FB15-3E17-4237-B2DE-8195D4006106}.Release|Mixed Platforms.Build.0 = Release|Any CPU
		{A6B3FB15-3E17-4237-B2DE-8195D4006106}.Release|x86.ActiveCfg = Release|Any CPU
		{FC5B8256-D8C1-4299-96B2-E5CE13362609}.Debug|Any CPU.ActiveCfg = Debug|Any CPU
		{FC5B8256-D8C1-4299-96B2-E5CE13362609}.Debug|Any CPU.Build.0 = Debug|Any CPU
		{FC5B8256-D8C1-4299-96B2-E5CE13362609}.Debug|Mixed Platforms.ActiveCfg = Debug|Any CPU
		{FC5B8256-D8C1-4299-96B2-E5CE13362609}.Debug|Mixed Platforms.Build.0 = Debug|Any CPU
		{FC5B8256-D8C1-4299-96B2-E5CE13362609}.Debug|x86.ActiveCfg = Debug|Any CPU
		{FC5B8256-D8C1-4299-96B2-E5CE13362609}.Release|Any CPU.ActiveCfg = Release|Any CPU
		{FC5B8256-D8C1-4299-96B2-E5CE13362609}.Release|Any CPU.Build.0 = Release|Any CPU
		{FC5B8256-D8C1-4299-96B2-E5CE13362609}.Release|Mixed Platforms.ActiveCfg = Release|Any CPU
		{FC5B8256-D8C1-4299-96B2-E5CE13362609}.Release|Mixed Platforms.Build.0 = Release|Any CPU
		{FC5B8256-D8C1-4299-96B2-E5CE13362609}.Release|x86.ActiveCfg = Release|Any CPU
		{EC359497-BD3D-489F-95B1-53805476994A}.Debug|Any CPU.ActiveCfg = Debug|Any CPU
		{EC359497-BD3D-489F-95B1-53805476994A}.Debug|Any CPU.Build.0 = Debug|Any CPU
		{EC359497-BD3D-489F-95B1-53805476994A}.Debug|Mixed Platforms.ActiveCfg = Debug|Any CPU
		{EC359497-BD3D-489F-95B1-53805476994A}.Debug|Mixed Platforms.Build.0 = Debug|Any CPU
		{EC359497-BD3D-489F-95B1-53805476994A}.Debug|x86.ActiveCfg = Debug|Any CPU
		{EC359497-BD3D-489F-95B1-53805476994A}.Release|Any CPU.ActiveCfg = Release|Any CPU
		{EC359497-BD3D-489F-95B1-53805476994A}.Release|Any CPU.Build.0 = Release|Any CPU
		{EC359497-BD3D-489F-95B1-53805476994A}.Release|Mixed Platforms.ActiveCfg = Release|Any CPU
		{EC359497-BD3D-489F-95B1-53805476994A}.Release|Mixed Platforms.Build.0 = Release|Any CPU
		{EC359497-BD3D-489F-95B1-53805476994A}.Release|x86.ActiveCfg = Release|Any CPU
		{375383F8-A999-4D21-AFF5-E627B71D2A14}.Debug|Any CPU.ActiveCfg = Debug|Any CPU
		{375383F8-A999-4D21-AFF5-E627B71D2A14}.Debug|Any CPU.Build.0 = Debug|Any CPU
		{375383F8-A999-4D21-AFF5-E627B71D2A14}.Debug|Mixed Platforms.ActiveCfg = Debug|Any CPU
		{375383F8-A999-4D21-AFF5-E627B71D2A14}.Debug|Mixed Platforms.Build.0 = Debug|Any CPU
		{375383F8-A999-4D21-AFF5-E627B71D2A14}.Debug|x86.ActiveCfg = Debug|Any CPU
		{375383F8-A999-4D21-AFF5-E627B71D2A14}.Release|Any CPU.ActiveCfg = Release|Any CPU
		{375383F8-A999-4D21-AFF5-E627B71D2A14}.Release|Any CPU.Build.0 = Release|Any CPU
		{375383F8-A999-4D21-AFF5-E627B71D2A14}.Release|Mixed Platforms.ActiveCfg = Release|Any CPU
		{375383F8-A999-4D21-AFF5-E627B71D2A14}.Release|Mixed Platforms.Build.0 = Release|Any CPU
		{375383F8-A999-4D21-AFF5-E627B71D2A14}.Release|x86.ActiveCfg = Release|Any CPU
		{7B90340E-26EF-4563-9422-3E9A0796F3D5}.Debug|Any CPU.ActiveCfg = Debug|Any CPU
		{7B90340E-26EF-4563-9422-3E9A0796F3D5}.Debug|Any CPU.Build.0 = Debug|Any CPU
		{7B90340E-26EF-4563-9422-3E9A0796F3D5}.Debug|Mixed Platforms.ActiveCfg = Debug|Any CPU
		{7B90340E-26EF-4563-9422-3E9A0796F3D5}.Debug|Mixed Platforms.Build.0 = Debug|Any CPU
		{7B90340E-26EF-4563-9422-3E9A0796F3D5}.Debug|x86.ActiveCfg = Debug|Any CPU
		{7B90340E-26EF-4563-9422-3E9A0796F3D5}.Release|Any CPU.ActiveCfg = Release|Any CPU
		{7B90340E-26EF-4563-9422-3E9A0796F3D5}.Release|Any CPU.Build.0 = Release|Any CPU
		{7B90340E-26EF-4563-9422-3E9A0796F3D5}.Release|Mixed Platforms.ActiveCfg = Release|Any CPU
		{7B90340E-26EF-4563-9422-3E9A0796F3D5}.Release|Mixed Platforms.Build.0 = Release|Any CPU
		{7B90340E-26EF-4563-9422-3E9A0796F3D5}.Release|x86.ActiveCfg = Release|Any CPU
		{097040D5-5AE1-4520-88A2-24AA319A767D}.Debug|Any CPU.ActiveCfg = Debug|Any CPU
		{097040D5-5AE1-4520-88A2-24AA319A767D}.Debug|Any CPU.Build.0 = Debug|Any CPU
		{097040D5-5AE1-4520-88A2-24AA319A767D}.Debug|Mixed Platforms.ActiveCfg = Debug|Any CPU
		{097040D5-5AE1-4520-88A2-24AA319A767D}.Debug|Mixed Platforms.Build.0 = Debug|Any CPU
		{097040D5-5AE1-4520-88A2-24AA319A767D}.Debug|x86.ActiveCfg = Debug|Any CPU
		{097040D5-5AE1-4520-88A2-24AA319A767D}.Release|Any CPU.ActiveCfg = Release|Any CPU
		{097040D5-5AE1-4520-88A2-24AA319A767D}.Release|Any CPU.Build.0 = Release|Any CPU
		{097040D5-5AE1-4520-88A2-24AA319A767D}.Release|Mixed Platforms.ActiveCfg = Release|Any CPU
		{097040D5-5AE1-4520-88A2-24AA319A767D}.Release|Mixed Platforms.Build.0 = Release|Any CPU
		{097040D5-5AE1-4520-88A2-24AA319A767D}.Release|x86.ActiveCfg = Release|Any CPU
		{AC5A21A2-A12D-4D8F-B6B6-412ADE5A48D3}.Debug|Any CPU.ActiveCfg = Debug|Any CPU
		{AC5A21A2-A12D-4D8F-B6B6-412ADE5A48D3}.Debug|Any CPU.Build.0 = Debug|Any CPU
		{AC5A21A2-A12D-4D8F-B6B6-412ADE5A48D3}.Debug|Mixed Platforms.ActiveCfg = Debug|Any CPU
		{AC5A21A2-A12D-4D8F-B6B6-412ADE5A48D3}.Debug|Mixed Platforms.Build.0 = Debug|Any CPU
		{AC5A21A2-A12D-4D8F-B6B6-412ADE5A48D3}.Debug|x86.ActiveCfg = Debug|Any CPU
		{AC5A21A2-A12D-4D8F-B6B6-412ADE5A48D3}.Release|Any CPU.ActiveCfg = Release|Any CPU
		{AC5A21A2-A12D-4D8F-B6B6-412ADE5A48D3}.Release|Any CPU.Build.0 = Release|Any CPU
		{AC5A21A2-A12D-4D8F-B6B6-412ADE5A48D3}.Release|Mixed Platforms.ActiveCfg = Release|Any CPU
		{AC5A21A2-A12D-4D8F-B6B6-412ADE5A48D3}.Release|Mixed Platforms.Build.0 = Release|Any CPU
		{AC5A21A2-A12D-4D8F-B6B6-412ADE5A48D3}.Release|x86.ActiveCfg = Release|Any CPU
		{14D3F723-8204-4F5E-88F6-9746BC5C02C0}.Debug|Any CPU.ActiveCfg = Debug|Any CPU
		{14D3F723-8204-4F5E-88F6-9746BC5C02C0}.Debug|Any CPU.Build.0 = Debug|Any CPU
		{14D3F723-8204-4F5E-88F6-9746BC5C02C0}.Debug|Mixed Platforms.ActiveCfg = Debug|Any CPU
		{14D3F723-8204-4F5E-88F6-9746BC5C02C0}.Debug|Mixed Platforms.Build.0 = Debug|Any CPU
		{14D3F723-8204-4F5E-88F6-9746BC5C02C0}.Debug|x86.ActiveCfg = Debug|Any CPU
		{14D3F723-8204-4F5E-88F6-9746BC5C02C0}.Release|Any CPU.ActiveCfg = Release|Any CPU
		{14D3F723-8204-4F5E-88F6-9746BC5C02C0}.Release|Any CPU.Build.0 = Release|Any CPU
		{14D3F723-8204-4F5E-88F6-9746BC5C02C0}.Release|Mixed Platforms.ActiveCfg = Release|Any CPU
		{14D3F723-8204-4F5E-88F6-9746BC5C02C0}.Release|Mixed Platforms.Build.0 = Release|Any CPU
		{14D3F723-8204-4F5E-88F6-9746BC5C02C0}.Release|x86.ActiveCfg = Release|Any CPU
		{87E7BBB4-9337-4499-8E66-43AD470DFF5F}.Debug|Any CPU.ActiveCfg = Debug|Any CPU
		{87E7BBB4-9337-4499-8E66-43AD470DFF5F}.Debug|Any CPU.Build.0 = Debug|Any CPU
		{87E7BBB4-9337-4499-8E66-43AD470DFF5F}.Debug|Mixed Platforms.ActiveCfg = Debug|Any CPU
		{87E7BBB4-9337-4499-8E66-43AD470DFF5F}.Debug|Mixed Platforms.Build.0 = Debug|Any CPU
		{87E7BBB4-9337-4499-8E66-43AD470DFF5F}.Debug|x86.ActiveCfg = Debug|Any CPU
		{87E7BBB4-9337-4499-8E66-43AD470DFF5F}.Release|Any CPU.ActiveCfg = Release|Any CPU
		{87E7BBB4-9337-4499-8E66-43AD470DFF5F}.Release|Any CPU.Build.0 = Release|Any CPU
		{87E7BBB4-9337-4499-8E66-43AD470DFF5F}.Release|Mixed Platforms.ActiveCfg = Release|Any CPU
		{87E7BBB4-9337-4499-8E66-43AD470DFF5F}.Release|Mixed Platforms.Build.0 = Release|Any CPU
		{87E7BBB4-9337-4499-8E66-43AD470DFF5F}.Release|x86.ActiveCfg = Release|Any CPU
		{038C4F2A-88E5-48C0-B415-9C7F219D7357}.Debug|Any CPU.ActiveCfg = Debug|x86
		{038C4F2A-88E5-48C0-B415-9C7F219D7357}.Debug|Mixed Platforms.ActiveCfg = Debug|x86
		{038C4F2A-88E5-48C0-B415-9C7F219D7357}.Debug|Mixed Platforms.Build.0 = Debug|x86
		{038C4F2A-88E5-48C0-B415-9C7F219D7357}.Debug|x86.ActiveCfg = Debug|x86
		{038C4F2A-88E5-48C0-B415-9C7F219D7357}.Debug|x86.Build.0 = Debug|x86
		{038C4F2A-88E5-48C0-B415-9C7F219D7357}.Release|Any CPU.ActiveCfg = Release|x86
		{038C4F2A-88E5-48C0-B415-9C7F219D7357}.Release|Mixed Platforms.ActiveCfg = Release|x86
		{038C4F2A-88E5-48C0-B415-9C7F219D7357}.Release|Mixed Platforms.Build.0 = Release|x86
		{038C4F2A-88E5-48C0-B415-9C7F219D7357}.Release|x86.ActiveCfg = Release|x86
		{038C4F2A-88E5-48C0-B415-9C7F219D7357}.Release|x86.Build.0 = Release|x86
		{928E99F1-4126-41A2-8DB5-F4349C4994CB}.Debug|Any CPU.ActiveCfg = Debug|Any CPU
		{928E99F1-4126-41A2-8DB5-F4349C4994CB}.Debug|Any CPU.Build.0 = Debug|Any CPU
		{928E99F1-4126-41A2-8DB5-F4349C4994CB}.Debug|Mixed Platforms.ActiveCfg = Debug|Any CPU
		{928E99F1-4126-41A2-8DB5-F4349C4994CB}.Debug|Mixed Platforms.Build.0 = Debug|Any CPU
		{928E99F1-4126-41A2-8DB5-F4349C4994CB}.Debug|x86.ActiveCfg = Debug|Any CPU
		{928E99F1-4126-41A2-8DB5-F4349C4994CB}.Release|Any CPU.ActiveCfg = Release|Any CPU
		{928E99F1-4126-41A2-8DB5-F4349C4994CB}.Release|Any CPU.Build.0 = Release|Any CPU
		{928E99F1-4126-41A2-8DB5-F4349C4994CB}.Release|Mixed Platforms.ActiveCfg = Release|Any CPU
		{928E99F1-4126-41A2-8DB5-F4349C4994CB}.Release|Mixed Platforms.Build.0 = Release|Any CPU
		{928E99F1-4126-41A2-8DB5-F4349C4994CB}.Release|x86.ActiveCfg = Release|Any CPU
		{03EDAB82-4E27-4522-9DC0-0010B7087A3C}.Debug|Any CPU.ActiveCfg = Debug|Any CPU
		{03EDAB82-4E27-4522-9DC0-0010B7087A3C}.Debug|Any CPU.Build.0 = Debug|Any CPU
		{03EDAB82-4E27-4522-9DC0-0010B7087A3C}.Debug|Mixed Platforms.ActiveCfg = Debug|Any CPU
		{03EDAB82-4E27-4522-9DC0-0010B7087A3C}.Debug|Mixed Platforms.Build.0 = Debug|Any CPU
		{03EDAB82-4E27-4522-9DC0-0010B7087A3C}.Debug|x86.ActiveCfg = Debug|Any CPU
		{03EDAB82-4E27-4522-9DC0-0010B7087A3C}.Release|Any CPU.ActiveCfg = Release|Any CPU
		{03EDAB82-4E27-4522-9DC0-0010B7087A3C}.Release|Any CPU.Build.0 = Release|Any CPU
		{03EDAB82-4E27-4522-9DC0-0010B7087A3C}.Release|Mixed Platforms.ActiveCfg = Release|Any CPU
		{03EDAB82-4E27-4522-9DC0-0010B7087A3C}.Release|Mixed Platforms.Build.0 = Release|Any CPU
		{03EDAB82-4E27-4522-9DC0-0010B7087A3C}.Release|x86.ActiveCfg = Release|Any CPU
		{5FBC63E4-B680-4BF9-AFCD-56D84CA1AF15}.Debug|Any CPU.ActiveCfg = Debug|Any CPU
		{5FBC63E4-B680-4BF9-AFCD-56D84CA1AF15}.Debug|Any CPU.Build.0 = Debug|Any CPU
		{5FBC63E4-B680-4BF9-AFCD-56D84CA1AF15}.Debug|Mixed Platforms.ActiveCfg = Debug|Any CPU
		{5FBC63E4-B680-4BF9-AFCD-56D84CA1AF15}.Debug|Mixed Platforms.Build.0 = Debug|Any CPU
		{5FBC63E4-B680-4BF9-AFCD-56D84CA1AF15}.Debug|x86.ActiveCfg = Debug|Any CPU
		{5FBC63E4-B680-4BF9-AFCD-56D84CA1AF15}.Release|Any CPU.ActiveCfg = Release|Any CPU
		{5FBC63E4-B680-4BF9-AFCD-56D84CA1AF15}.Release|Any CPU.Build.0 = Release|Any CPU
		{5FBC63E4-B680-4BF9-AFCD-56D84CA1AF15}.Release|Mixed Platforms.ActiveCfg = Release|Any CPU
		{5FBC63E4-B680-4BF9-AFCD-56D84CA1AF15}.Release|Mixed Platforms.Build.0 = Release|Any CPU
		{5FBC63E4-B680-4BF9-AFCD-56D84CA1AF15}.Release|x86.ActiveCfg = Release|Any CPU
	EndGlobalSection
	GlobalSection(SolutionProperties) = preSolution
		HideSolutionNode = FALSE
	EndGlobalSection
	GlobalSection(NestedProjects) = preSolution
		{2A3478CD-C717-4972-92CE-693A952B8F74} = {FA936133-797C-46B1-A073-E59317EBE96B}
		{5FE19699-94BD-463D-95AE-783762243653} = {FA936133-797C-46B1-A073-E59317EBE96B}
		{26C1C8D2-7188-443C-8546-217AF6292EB3} = {FA936133-797C-46B1-A073-E59317EBE96B}
		{038C4F2A-88E5-48C0-B415-9C7F219D7357} = {FA936133-797C-46B1-A073-E59317EBE96B}
		{375383F8-A999-4D21-AFF5-E627B71D2A14} = {2A3478CD-C717-4972-92CE-693A952B8F74}
		{7B90340E-26EF-4563-9422-3E9A0796F3D5} = {2A3478CD-C717-4972-92CE-693A952B8F74}
		{097040D5-5AE1-4520-88A2-24AA319A767D} = {2A3478CD-C717-4972-92CE-693A952B8F74}
		{87E7BBB4-9337-4499-8E66-43AD470DFF5F} = {2A3478CD-C717-4972-92CE-693A952B8F74}
		{928E99F1-4126-41A2-8DB5-F4349C4994CB} = {1812B275-59CF-4E71-AAD1-ED111DEA9BB2}
		{03EDAB82-4E27-4522-9DC0-0010B7087A3C} = {1812B275-59CF-4E71-AAD1-ED111DEA9BB2}
		{5FBC63E4-B680-4BF9-AFCD-56D84CA1AF15} = {1812B275-59CF-4E71-AAD1-ED111DEA9BB2}
		{AC5A21A2-A12D-4D8F-B6B6-412ADE5A48D3} = {5FE19699-94BD-463D-95AE-783762243653}
		{14D3F723-8204-4F5E-88F6-9746BC5C02C0} = {5FE19699-94BD-463D-95AE-783762243653}
		{A6B3FB15-3E17-4237-B2DE-8195D4006106} = {26C1C8D2-7188-443C-8546-217AF6292EB3}
		{FC5B8256-D8C1-4299-96B2-E5CE13362609} = {26C1C8D2-7188-443C-8546-217AF6292EB3}
		{EC359497-BD3D-489F-95B1-53805476994A} = {26C1C8D2-7188-443C-8546-217AF6292EB3}
	EndGlobalSection
EndGlobal
